
Microsoft Visual Studio Solution File, Format Version 12.00
# Visual Studio Version 16
VisualStudioVersion = 16.0.31702.278
MinimumVisualStudioVersion = 10.0.40219.1
Project("{FAE04EC0-301F-11D3-BF4B-00C04F79EFBC}") = "Web", "ConferenceOrganizer\Web.csproj", "{FFF69CFB-369E-46EE-A44A-401095AB6F62}"
	ProjectSection(ProjectDependencies) = postProject
		{A5AABC15-0D42-4B56-8DAA-3B87C664B40C} = {A5AABC15-0D42-4B56-8DAA-3B87C664B40C}
		{2F54B2E7-FA29-405C-9BFD-D3C9210143A9} = {2F54B2E7-FA29-405C-9BFD-D3C9210143A9}
	EndProjectSection
EndProject
Project("{FAE04EC0-301F-11D3-BF4B-00C04F79EFBC}") = "Domain", "Domain\Domain.csproj", "{A5AABC15-0D42-4B56-8DAA-3B87C664B40C}"
EndProject
Project("{FAE04EC0-301F-11D3-BF4B-00C04F79EFBC}") = "BLL", "BLL\BLL.csproj", "{2F54B2E7-FA29-405C-9BFD-D3C9210143A9}"
	ProjectSection(ProjectDependencies) = postProject
		{A5AABC15-0D42-4B56-8DAA-3B87C664B40C} = {A5AABC15-0D42-4B56-8DAA-3B87C664B40C}
		{526DD5B7-93E9-42B9-90D7-4090E2D8664C} = {526DD5B7-93E9-42B9-90D7-4090E2D8664C}
	EndProjectSection
EndProject
Project("{FAE04EC0-301F-11D3-BF4B-00C04F79EFBC}") = "DAL", "DAL\DAL.csproj", "{526DD5B7-93E9-42B9-90D7-4090E2D8664C}"
	ProjectSection(ProjectDependencies) = postProject
		{A5AABC15-0D42-4B56-8DAA-3B87C664B40C} = {A5AABC15-0D42-4B56-8DAA-3B87C664B40C}
	EndProjectSection
EndProject
Global
	GlobalSection(SolutionConfigurationPlatforms) = preSolution
		Debug|Any CPU = Debug|Any CPU
		Release|Any CPU = Release|Any CPU
	EndGlobalSection
	GlobalSection(ProjectConfigurationPlatforms) = postSolution
		{FFF69CFB-369E-46EE-A44A-401095AB6F62}.Debug|Any CPU.ActiveCfg = Debug|Any CPU
		{FFF69CFB-369E-46EE-A44A-401095AB6F62}.Debug|Any CPU.Build.0 = Debug|Any CPU
		{FFF69CFB-369E-46EE-A44A-401095AB6F62}.Release|Any CPU.ActiveCfg = Release|Any CPU
		{FFF69CFB-369E-46EE-A44A-401095AB6F62}.Release|Any CPU.Build.0 = Release|Any CPU
		{A5AABC15-0D42-4B56-8DAA-3B87C664B40C}.Debug|Any CPU.ActiveCfg = Debug|Any CPU
		{A5AABC15-0D42-4B56-8DAA-3B87C664B40C}.Debug|Any CPU.Build.0 = Debug|Any CPU
		{A5AABC15-0D42-4B56-8DAA-3B87C664B40C}.Release|Any CPU.ActiveCfg = Release|Any CPU
		{A5AABC15-0D42-4B56-8DAA-3B87C664B40C}.Release|Any CPU.Build.0 = Release|Any CPU
		{2F54B2E7-FA29-405C-9BFD-D3C9210143A9}.Debug|Any CPU.ActiveCfg = Debug|Any CPU
		{2F54B2E7-FA29-405C-9BFD-D3C9210143A9}.Debug|Any CPU.Build.0 = Debug|Any CPU
		{2F54B2E7-FA29-405C-9BFD-D3C9210143A9}.Release|Any CPU.ActiveCfg = Release|Any CPU
		{2F54B2E7-FA29-405C-9BFD-D3C9210143A9}.Release|Any CPU.Build.0 = Release|Any CPU
		{526DD5B7-93E9-42B9-90D7-4090E2D8664C}.Debug|Any CPU.ActiveCfg = Debug|Any CPU
		{526DD5B7-93E9-42B9-90D7-4090E2D8664C}.Debug|Any CPU.Build.0 = Debug|Any CPU
		{526DD5B7-93E9-42B9-90D7-4090E2D8664C}.Release|Any CPU.ActiveCfg = Release|Any CPU
		{526DD5B7-93E9-42B9-90D7-4090E2D8664C}.Release|Any CPU.Build.0 = Release|Any CPU
	EndGlobalSection
	GlobalSection(SolutionProperties) = preSolution
		HideSolutionNode = FALSE
	EndGlobalSection
	GlobalSection(ExtensibilityGlobals) = postSolution
		SolutionGuid = {A54C52C9-4DF9-4B45-8C72-AC84AFC72355}
	EndGlobalSection
EndGlobal
